// !$*UTF8*$!
{
	archiveVersion = 1;
	classes = {
	};
	objectVersion = 55;
	objects = {

/* Begin PBXBuildFile section */
		CB196956280FDB38004CD229 /* StartButtonView.swift in Sources */ = {isa = PBXBuildFile; fileRef = CB196955280FDB38004CD229 /* StartButtonView.swift */; };
		CB196958280FDFE4004CD229 /* OnboardingView.swift in Sources */ = {isa = PBXBuildFile; fileRef = CB196957280FDFE4004CD229 /* OnboardingView.swift */; };
		CB19695C280FE57C004CD229 /* FruitModel.swift in Sources */ = {isa = PBXBuildFile; fileRef = CB19695B280FE57C004CD229 /* FruitModel.swift */; };
		CB19695F280FE680004CD229 /* FruitData.swift in Sources */ = {isa = PBXBuildFile; fileRef = CB19695E280FE680004CD229 /* FruitData.swift */; };
		CB196961280FF610004CD229 /* FruitRowView.swift in Sources */ = {isa = PBXBuildFile; fileRef = CB196960280FF610004CD229 /* FruitRowView.swift */; };
		CB196963280FFB8E004CD229 /* FruitDetailView.swift in Sources */ = {isa = PBXBuildFile; fileRef = CB196962280FFB8E004CD229 /* FruitDetailView.swift */; };
		CB196965280FFEE8004CD229 /* FruitHeaderView.swift in Sources */ = {isa = PBXBuildFile; fileRef = CB196964280FFEE8004CD229 /* FruitHeaderView.swift */; };
		CBEA5BB1280ED20D00F4DCDC /* FructusApp.swift in Sources */ = {isa = PBXBuildFile; fileRef = CBEA5BB0280ED20D00F4DCDC /* FructusApp.swift */; };
		CBEA5BB3280ED20D00F4DCDC /* ContentView.swift in Sources */ = {isa = PBXBuildFile; fileRef = CBEA5BB2280ED20D00F4DCDC /* ContentView.swift */; };
		CBEA5BB5280ED20F00F4DCDC /* Assets.xcassets in Resources */ = {isa = PBXBuildFile; fileRef = CBEA5BB4280ED20F00F4DCDC /* Assets.xcassets */; };
		CBEA5BB8280ED20F00F4DCDC /* Preview Assets.xcassets in Resources */ = {isa = PBXBuildFile; fileRef = CBEA5BB7280ED20F00F4DCDC /* Preview Assets.xcassets */; };
		CBEA5BC1280EDF8800F4DCDC /* FruitCardView.swift in Sources */ = {isa = PBXBuildFile; fileRef = CBEA5BC0280EDF8800F4DCDC /* FruitCardView.swift */; };
/* End PBXBuildFile section */

/* Begin PBXFileReference section */
		CB196955280FDB38004CD229 /* StartButtonView.swift */ = {isa = PBXFileReference; lastKnownFileType = sourcecode.swift; path = StartButtonView.swift; sourceTree = "<group>"; };
		CB196957280FDFE4004CD229 /* OnboardingView.swift */ = {isa = PBXFileReference; lastKnownFileType = sourcecode.swift; path = OnboardingView.swift; sourceTree = "<group>"; };
		CB19695B280FE57C004CD229 /* FruitModel.swift */ = {isa = PBXFileReference; lastKnownFileType = sourcecode.swift; path = FruitModel.swift; sourceTree = "<group>"; };
		CB19695E280FE680004CD229 /* FruitData.swift */ = {isa = PBXFileReference; lastKnownFileType = sourcecode.swift; path = FruitData.swift; sourceTree = "<group>"; };
		CB196960280FF610004CD229 /* FruitRowView.swift */ = {isa = PBXFileReference; lastKnownFileType = sourcecode.swift; path = FruitRowView.swift; sourceTree = "<group>"; };
		CB196962280FFB8E004CD229 /* FruitDetailView.swift */ = {isa = PBXFileReference; lastKnownFileType = sourcecode.swift; path = FruitDetailView.swift; sourceTree = "<group>"; };
		CB196964280FFEE8004CD229 /* FruitHeaderView.swift */ = {isa = PBXFileReference; lastKnownFileType = sourcecode.swift; path = FruitHeaderView.swift; sourceTree = "<group>"; };
		CBEA5BAD280ED20D00F4DCDC /* Fructus.app */ = {isa = PBXFileReference; explicitFileType = wrapper.application; includeInIndex = 0; path = Fructus.app; sourceTree = BUILT_PRODUCTS_DIR; };
		CBEA5BB0280ED20D00F4DCDC /* FructusApp.swift */ = {isa = PBXFileReference; lastKnownFileType = sourcecode.swift; path = FructusApp.swift; sourceTree = "<group>"; };
		CBEA5BB2280ED20D00F4DCDC /* ContentView.swift */ = {isa = PBXFileReference; lastKnownFileType = sourcecode.swift; path = ContentView.swift; sourceTree = "<group>"; };
		CBEA5BB4280ED20F00F4DCDC /* Assets.xcassets */ = {isa = PBXFileReference; lastKnownFileType = folder.assetcatalog; path = Assets.xcassets; sourceTree = "<group>"; };
		CBEA5BB7280ED20F00F4DCDC /* Preview Assets.xcassets */ = {isa = PBXFileReference; lastKnownFileType = folder.assetcatalog; path = "Preview Assets.xcassets"; sourceTree = "<group>"; };
		CBEA5BC0280EDF8800F4DCDC /* FruitCardView.swift */ = {isa = PBXFileReference; lastKnownFileType = sourcecode.swift; path = FruitCardView.swift; sourceTree = "<group>"; };
/* End PBXFileReference section */

/* Begin PBXFrameworksBuildPhase section */
		CBEA5BAA280ED20D00F4DCDC /* Frameworks */ = {
			isa = PBXFrameworksBuildPhase;
			buildActionMask = 2147483647;
			files = (
			);
			runOnlyForDeploymentPostprocessing = 0;
		};
/* End PBXFrameworksBuildPhase section */

/* Begin PBXGroup section */
		CB19695A280FE569004CD229 /* Model */ = {
			isa = PBXGroup;
			children = (
				CB19695B280FE57C004CD229 /* FruitModel.swift */,
			);
			path = Model;
			sourceTree = "<group>";
		};
		CB19695D280FE66C004CD229 /* Data  */ = {
			isa = PBXGroup;
			children = (
				CB19695E280FE680004CD229 /* FruitData.swift */,
			);
			path = "Data ";
			sourceTree = "<group>";
		};
		CBEA5BA4280ED20D00F4DCDC = {
			isa = PBXGroup;
			children = (
				CBEA5BAF280ED20D00F4DCDC /* Fructus */,
				CBEA5BAE280ED20D00F4DCDC /* Products */,
			);
			sourceTree = "<group>";
		};
		CBEA5BAE280ED20D00F4DCDC /* Products */ = {
			isa = PBXGroup;
			children = (
				CBEA5BAD280ED20D00F4DCDC /* Fructus.app */,
			);
			name = Products;
			sourceTree = "<group>";
		};
		CBEA5BAF280ED20D00F4DCDC /* Fructus */ = {
			isa = PBXGroup;
			children = (
				CBEA5BBF280EDF6700F4DCDC /* View */,
				CBEA5BBE280EDF1700F4DCDC /* AppSuper */,
				CB19695D280FE66C004CD229 /* Data  */,
				CB19695A280FE569004CD229 /* Model */,
				CBEA5BB4280ED20F00F4DCDC /* Assets.xcassets */,
				CBEA5BB6280ED20F00F4DCDC /* Preview Content */,
			);
			path = Fructus;
			sourceTree = "<group>";
		};
		CBEA5BB6280ED20F00F4DCDC /* Preview Content */ = {
			isa = PBXGroup;
			children = (
				CBEA5BB7280ED20F00F4DCDC /* Preview Assets.xcassets */,
			);
			path = "Preview Content";
			sourceTree = "<group>";
		};
		CBEA5BBE280EDF1700F4DCDC /* AppSuper */ = {
			isa = PBXGroup;
			children = (
				CBEA5BB0280ED20D00F4DCDC /* FructusApp.swift */,
				CBEA5BB2280ED20D00F4DCDC /* ContentView.swift */,
				CB196957280FDFE4004CD229 /* OnboardingView.swift */,
				CB196962280FFB8E004CD229 /* FruitDetailView.swift */,
			);
			path = AppSuper;
			sourceTree = "<group>";
		};
		CBEA5BBF280EDF6700F4DCDC /* View */ = {
			isa = PBXGroup;
			children = (
				CBEA5BC0280EDF8800F4DCDC /* FruitCardView.swift */,
				CB196955280FDB38004CD229 /* StartButtonView.swift */,
				CB196964280FFEE8004CD229 /* FruitHeaderView.swift */,
				CB196960280FF610004CD229 /* FruitRowView.swift */,
			);
			path = View;
			sourceTree = "<group>";
		};
/* End PBXGroup section */

/* Begin PBXNativeTarget section */
		CBEA5BAC280ED20D00F4DCDC /* Fructus */ = {
			isa = PBXNativeTarget;
			buildConfigurationList = CBEA5BBB280ED20F00F4DCDC /* Build configuration list for PBXNativeTarget "Fructus" */;
			buildPhases = (
				CBEA5BA9280ED20D00F4DCDC /* Sources */,
				CBEA5BAA280ED20D00F4DCDC /* Frameworks */,
				CBEA5BAB280ED20D00F4DCDC /* Resources */,
			);
			buildRules = (
			);
			dependencies = (
			);
			name = Fructus;
			productName = Fructus;
			productReference = CBEA5BAD280ED20D00F4DCDC /* Fructus.app */;
			productType = "com.apple.product-type.application";
		};
/* End PBXNativeTarget section */

/* Begin PBXProject section */
		CBEA5BA5280ED20D00F4DCDC /* Project object */ = {
			isa = PBXProject;
			attributes = {
				BuildIndependentTargetsInParallel = 1;
				LastSwiftUpdateCheck = 1310;
				LastUpgradeCheck = 1310;
				TargetAttributes = {
					CBEA5BAC280ED20D00F4DCDC = {
						CreatedOnToolsVersion = 13.1;
					};
				};
			};
			buildConfigurationList = CBEA5BA8280ED20D00F4DCDC /* Build configuration list for PBXProject "Fructus" */;
			compatibilityVersion = "Xcode 13.0";
			developmentRegion = en;
			hasScannedForEncodings = 0;
			knownRegions = (
				en,
				Base,
			);
			mainGroup = CBEA5BA4280ED20D00F4DCDC;
			productRefGroup = CBEA5BAE280ED20D00F4DCDC /* Products */;
			projectDirPath = "";
			projectRoot = "";
			targets = (
				CBEA5BAC280ED20D00F4DCDC /* Fructus */,
			);
		};
/* End PBXProject section */

/* Begin PBXResourcesBuildPhase section */
		CBEA5BAB280ED20D00F4DCDC /* Resources */ = {
			isa = PBXResourcesBuildPhase;
			buildActionMask = 2147483647;
			files = (
				CBEA5BB8280ED20F00F4DCDC /* Preview Assets.xcassets in Resources */,
				CBEA5BB5280ED20F00F4DCDC /* Assets.xcassets in Resources */,
			);
			runOnlyForDeploymentPostprocessing = 0;
		};
/* End PBXResourcesBuildPhase section */

/* Begin PBXSourcesBuildPhase section */
		CBEA5BA9280ED20D00F4DCDC /* Sources */ = {
			isa = PBXSourcesBuildPhase;
			buildActionMask = 2147483647;
			files = (
				CB19695F280FE680004CD229 /* FruitData.swift in Sources */,
				CBEA5BC1280EDF8800F4DCDC /* FruitCardView.swift in Sources */,
				CB196961280FF610004CD229 /* FruitRowView.swift in Sources */,
				CB196956280FDB38004CD229 /* StartButtonView.swift in Sources */,
				CB196963280FFB8E004CD229 /* FruitDetailView.swift in Sources */,
				CBEA5BB3280ED20D00F4DCDC /* ContentView.swift in Sources */,
				CB196965280FFEE8004CD229 /* FruitHeaderView.swift in Sources */,
				CB196958280FDFE4004CD229 /* OnboardingView.swift in Sources */,
				CB19695C280FE57C004CD229 /* FruitModel.swift in Sources */,
				CBEA5BB1280ED20D00F4DCDC /* FructusApp.swift in Sources */,
			);
			runOnlyForDeploymentPostprocessing = 0;
		};
/* End PBXSourcesBuildPhase section */

/* Begin XCBuildConfiguration section */
		CBEA5BB9280ED20F00F4DCDC /* Debug */ = {
			isa = XCBuildConfiguration;
			buildSettings = {
				ALWAYS_SEARCH_USER_PATHS = NO;
				CLANG_ANALYZER_NONNULL = YES;
				CLANG_ANALYZER_NUMBER_OBJECT_CONVERSION = YES_AGGRESSIVE;
				CLANG_CXX_LANGUAGE_STANDARD = "gnu++17";
				CLANG_CXX_LIBRARY = "libc++";
				CLANG_ENABLE_MODULES = YES;
				CLANG_ENABLE_OBJC_ARC = YES;
				CLANG_ENABLE_OBJC_WEAK = YES;
				CLANG_WARN_BLOCK_CAPTURE_AUTORELEASING = YES;
				CLANG_WARN_BOOL_CONVERSION = YES;
				CLANG_WARN_COMMA = YES;
				CLANG_WARN_CONSTANT_CONVERSION = YES;
				CLANG_WARN_DEPRECATED_OBJC_IMPLEMENTATIONS = YES;
				CLANG_WARN_DIRECT_OBJC_ISA_USAGE = YES_ERROR;
				CLANG_WARN_DOCUMENTATION_COMMENTS = YES;
				CLANG_WARN_EMPTY_BODY = YES;
				CLANG_WARN_ENUM_CONVERSION = YES;
				CLANG_WARN_INFINITE_RECURSION = YES;
				CLANG_WARN_INT_CONVERSION = YES;
				CLANG_WARN_NON_LITERAL_NULL_CONVERSION = YES;
				CLANG_WARN_OBJC_IMPLICIT_RETAIN_SELF = YES;
				CLANG_WARN_OBJC_LITERAL_CONVERSION = YES;
				CLANG_WARN_OBJC_ROOT_CLASS = YES_ERROR;
				CLANG_WARN_QUOTED_INCLUDE_IN_FRAMEWORK_HEADER = YES;
				CLANG_WARN_RANGE_LOOP_ANALYSIS = YES;
				CLANG_WARN_STRICT_PROTOTYPES = YES;
				CLANG_WARN_SUSPICIOUS_MOVE = YES;
				CLANG_WARN_UNGUARDED_AVAILABILITY = YES_AGGRESSIVE;
				CLANG_WARN_UNREACHABLE_CODE = YES;
				CLANG_WARN__DUPLICATE_METHOD_MATCH = YES;
				COPY_PHASE_STRIP = NO;
				DEBUG_INFORMATION_FORMAT = dwarf;
				ENABLE_STRICT_OBJC_MSGSEND = YES;
				ENABLE_TESTABILITY = YES;
				GCC_C_LANGUAGE_STANDARD = gnu11;
				GCC_DYNAMIC_NO_PIC = NO;
				GCC_NO_COMMON_BLOCKS = YES;
				GCC_OPTIMIZATION_LEVEL = 0;
				GCC_PREPROCESSOR_DEFINITIONS = (
					"DEBUG=1",
					"$(inherited)",
				);
				GCC_WARN_64_TO_32_BIT_CONVERSION = YES;
				GCC_WARN_ABOUT_RETURN_TYPE = YES_ERROR;
				GCC_WARN_UNDECLARED_SELECTOR = YES;
				GCC_WARN_UNINITIALIZED_AUTOS = YES_AGGRESSIVE;
				GCC_WARN_UNUSED_FUNCTION = YES;
				GCC_WARN_UNUSED_VARIABLE = YES;
				IPHONEOS_DEPLOYMENT_TARGET = 15.0;
				MTL_ENABLE_DEBUG_INFO = INCLUDE_SOURCE;
				MTL_FAST_MATH = YES;
				ONLY_ACTIVE_ARCH = YES;
				SDKROOT = iphoneos;
				SWIFT_ACTIVE_COMPILATION_CONDITIONS = DEBUG;
				SWIFT_OPTIMIZATION_LEVEL = "-Onone";
			};
			name = Debug;
		};
		CBEA5BBA280ED20F00F4DCDC /* Release */ = {
			isa = XCBuildConfiguration;
			buildSettings = {
				ALWAYS_SEARCH_USER_PATHS = NO;
				CLANG_ANALYZER_NONNULL = YES;
				CLANG_ANALYZER_NUMBER_OBJECT_CONVERSION = YES_AGGRESSIVE;
				CLANG_CXX_LANGUAGE_STANDARD = "gnu++17";
				CLANG_CXX_LIBRARY = "libc++";
				CLANG_ENABLE_MODULES = YES;
				CLANG_ENABLE_OBJC_ARC = YES;
				CLANG_ENABLE_OBJC_WEAK = YES;
				CLANG_WARN_BLOCK_CAPTURE_AUTORELEASING = YES;
				CLANG_WARN_BOOL_CONVERSION = YES;
				CLANG_WARN_COMMA = YES;
				CLANG_WARN_CONSTANT_CONVERSION = YES;
				CLANG_WARN_DEPRECATED_OBJC_IMPLEMENTATIONS = YES;
				CLANG_WARN_DIRECT_OBJC_ISA_USAGE = YES_ERROR;
				CLANG_WARN_DOCUMENTATION_COMMENTS = YES;
				CLANG_WARN_EMPTY_BODY = YES;
				CLANG_WARN_ENUM_CONVERSION = YES;
				CLANG_WARN_INFINITE_RECURSION = YES;
				CLANG_WARN_INT_CONVERSION = YES;
				CLANG_WARN_NON_LITERAL_NULL_CONVERSION = YES;
				CLANG_WARN_OBJC_IMPLICIT_RETAIN_SELF = YES;
				CLANG_WARN_OBJC_LITERAL_CONVERSION = YES;
				CLANG_WARN_OBJC_ROOT_CLASS = YES_ERROR;
				CLANG_WARN_QUOTED_INCLUDE_IN_FRAMEWORK_HEADER = YES;
				CLANG_WARN_RANGE_LOOP_ANALYSIS = YES;
				CLANG_WARN_STRICT_PROTOTYPES = YES;
				CLANG_WARN_SUSPICIOUS_MOVE = YES;
				CLANG_WARN_UNGUARDED_AVAILABILITY = YES_AGGRESSIVE;
				CLANG_WARN_UNREACHABLE_CODE = YES;
				CLANG_WARN__DUPLICATE_METHOD_MATCH = YES;
				COPY_PHASE_STRIP = NO;
				DEBUG_INFORMATION_FORMAT = "dwarf-with-dsym";
				ENABLE_NS_ASSERTIONS = NO;
				ENABLE_STRICT_OBJC_MSGSEND = YES;
				GCC_C_LANGUAGE_STANDARD = gnu11;
				GCC_NO_COMMON_BLOCKS = YES;
				GCC_WARN_64_TO_32_BIT_CONVERSION = YES;
				GCC_WARN_ABOUT_RETURN_TYPE = YES_ERROR;
				GCC_WARN_UNDECLARED_SELECTOR = YES;
				GCC_WARN_UNINITIALIZED_AUTOS = YES_AGGRESSIVE;
				GCC_WARN_UNUSED_FUNCTION = YES;
				GCC_WARN_UNUSED_VARIABLE = YES;
				IPHONEOS_DEPLOYMENT_TARGET = 15.0;
				MTL_ENABLE_DEBUG_INFO = NO;
				MTL_FAST_MATH = YES;
				SDKROOT = iphoneos;
				SWIFT_COMPILATION_MODE = wholemodule;
				SWIFT_OPTIMIZATION_LEVEL = "-O";
				VALIDATE_PRODUCT = YES;
			};
			name = Release;
		};
		CBEA5BBC280ED20F00F4DCDC /* Debug */ = {
			isa = XCBuildConfiguration;
			buildSettings = {
				ASSETCATALOG_COMPILER_APPICON_NAME = AppIcon;
				ASSETCATALOG_COMPILER_GLOBAL_ACCENT_COLOR_NAME = AccentColor;
				CODE_SIGN_STYLE = Automatic;
				CURRENT_PROJECT_VERSION = 1;
				DEVELOPMENT_ASSET_PATHS = "\"Fructus/Preview Content\"";
				DEVELOPMENT_TEAM = S65N28FSD8;
				ENABLE_PREVIEWS = YES;
				GENERATE_INFOPLIST_FILE = YES;
				INFOPLIST_KEY_UIApplicationSceneManifest_Generation = YES;
				INFOPLIST_KEY_UIApplicationSupportsIndirectInputEvents = YES;
				INFOPLIST_KEY_UILaunchScreen_Generation = YES;
				INFOPLIST_KEY_UISupportedInterfaceOrientations = UIInterfaceOrientationPortrait;
				INFOPLIST_KEY_UISupportedInterfaceOrientations_iPad = "UIInterfaceOrientationPortrait UIInterfaceOrientationPortraitUpsideDown UIInterfaceOrientationLandscapeLeft UIInterfaceOrientationLandscapeRight";
				INFOPLIST_KEY_UISupportedInterfaceOrientations_iPhone = UIInterfaceOrientationPortrait;
				LD_RUNPATH_SEARCH_PATHS = (
					"$(inherited)",
					"@executable_path/Frameworks",
				);
				MARKETING_VERSION = 1.0;
				PRODUCT_BUNDLE_IDENTIFIER = com.yerkebulan.Fructus;
				PRODUCT_NAME = "$(TARGET_NAME)";
				SWIFT_EMIT_LOC_STRINGS = YES;
				SWIFT_VERSION = 5.0;
				TARGETED_DEVICE_FAMILY = "1,2";
			};
			name = Debug;
		};
		CBEA5BBD280ED20F00F4DCDC /* Release */ = {
			isa = XCBuildConfiguration;
			buildSettings = {
				ASSETCATALOG_COMPILER_APPICON_NAME = AppIcon;
				ASSETCATALOG_COMPILER_GLOBAL_ACCENT_COLOR_NAME = AccentColor;
				CODE_SIGN_STYLE = Automatic;
				CURRENT_PROJECT_VERSION = 1;
				DEVELOPMENT_ASSET_PATHS = "\"Fructus/Preview Content\"";
				DEVELOPMENT_TEAM = S65N28FSD8;
				ENABLE_PREVIEWS = YES;
				GENERATE_INFOPLIST_FILE = YES;
				INFOPLIST_KEY_UIApplicationSceneManifest_Generation = YES;
				INFOPLIST_KEY_UIApplicationSupportsIndirectInputEvents = YES;
				INFOPLIST_KEY_UILaunchScreen_Generation = YES;
				INFOPLIST_KEY_UISupportedInterfaceOrientations = UIInterfaceOrientationPortrait;
				INFOPLIST_KEY_UISupportedInterfaceOrientations_iPad = "UIInterfaceOrientationPortrait UIInterfaceOrientationPortraitUpsideDown UIInterfaceOrientationLandscapeLeft UIInterfaceOrientationLandscapeRight";
				INFOPLIST_KEY_UISupportedInterfaceOrientations_iPhone = UIInterfaceOrientationPortrait;
				LD_RUNPATH_SEARCH_PATHS = (
					"$(inherited)",
					"@executable_path/Frameworks",
				);
				MARKETING_VERSION = 1.0;
				PRODUCT_BUNDLE_IDENTIFIER = com.yerkebulan.Fructus;
				PRODUCT_NAME = "$(TARGET_NAME)";
				SWIFT_EMIT_LOC_STRINGS = YES;
				SWIFT_VERSION = 5.0;
				TARGETED_DEVICE_FAMILY = "1,2";
			};
			name = Release;
		};
/* End XCBuildConfiguration section */

/* Begin XCConfigurationList section */
		CBEA5BA8280ED20D00F4DCDC /* Build configuration list for PBXProject "Fructus" */ = {
			isa = XCConfigurationList;
			buildConfigurations = (
				CBEA5BB9280ED20F00F4DCDC /* Debug */,
				CBEA5BBA280ED20F00F4DCDC /* Release */,
			);
			defaultConfigurationIsVisible = 0;
			defaultConfigurationName = Release;
		};
		CBEA5BBB280ED20F00F4DCDC /* Build configuration list for PBXNativeTarget "Fructus" */ = {
			isa = XCConfigurationList;
			buildConfigurations = (
				CBEA5BBC280ED20F00F4DCDC /* Debug */,
				CBEA5BBD280ED20F00F4DCDC /* Release */,
			);
			defaultConfigurationIsVisible = 0;
			defaultConfigurationName = Release;
		};
/* End XCConfigurationList section */
	};
	rootObject = CBEA5BA5280ED20D00F4DCDC /* Project object */;
}
